
Microsoft Visual Studio Solution File, Format Version 12.00
# Visual Studio Version 16
VisualStudioVersion = 16.0.31005.135
MinimumVisualStudioVersion = 10.0.40219.1
Project("{FAE04EC0-301F-11D3-BF4B-00C04F79EFBC}") = "E-HOSPITAL", "E-HOSPITAL\E-HOSPITAL.csproj", "{DA3D48BD-4C0E-4994-9856-32AAC877D32B}"
EndProject
Global
	GlobalSection(SolutionConfigurationPlatforms) = preSolution
		Debug|Any CPU = Debug|Any CPU
		Release|Any CPU = Release|Any CPU
	EndGlobalSection
	GlobalSection(ProjectConfigurationPlatforms) = postSolution
		{DA3D48BD-4C0E-4994-9856-32AAC877D32B}.Debug|Any CPU.ActiveCfg = Debug|Any CPU
		{DA3D48BD-4C0E-4994-9856-32AAC877D32B}.Debug|Any CPU.Build.0 = Debug|Any CPU
		{DA3D48BD-4C0E-4994-9856-32AAC877D32B}.Release|Any CPU.ActiveCfg = Release|Any CPU
		{DA3D48BD-4C0E-4994-9856-32AAC877D32B}.Release|Any CPU.Build.0 = Release|Any CPU
	EndGlobalSection
	GlobalSection(SolutionProperties) = preSolution
		HideSolutionNode = FALSE
	EndGlobalSection
	GlobalSection(ExtensibilityGlobals) = postSolution
		SolutionGuid = {7D93D738-BA0D-4F15-BB66-AA30F04005EF}
	EndGlobalSection
EndGlobal
